
Microsoft Visual Studio Solution File, Format Version 12.00
# Visual Studio 14
VisualStudioVersion = 14.0.24720.0
MinimumVisualStudioVersion = 10.0.40219.1
Project("{FAE04EC0-301F-11D3-BF4B-00C04F79EFBC}") = "WSFrameworkFrontend", "WSFrameworkFrontend\WSFrameworkFrontend.csproj", "{9E74738B-AF26-45E1-B93C-B155CAE51EA5}"
EndProject
Project("{FAE04EC0-301F-11D3-BF4B-00C04F79EFBC}") = "WSFrameworkFrontend.Tests", "WSFrameworkFrontend.Tests\WSFrameworkFrontend.Tests.csproj", "{0C70FCA7-0794-46D7-A022-8B0F8315351F}"
EndProject
Global
	GlobalSection(SolutionConfigurationPlatforms) = preSolution
		Debug|Any CPU = Debug|Any CPU
		Release|Any CPU = Release|Any CPU
	EndGlobalSection
	GlobalSection(ProjectConfigurationPlatforms) = postSolution
		{9E74738B-AF26-45E1-B93C-B155CAE51EA5}.Debug|Any CPU.ActiveCfg = Debug|Any CPU
		{9E74738B-AF26-45E1-B93C-B155CAE51EA5}.Debug|Any CPU.Build.0 = Debug|Any CPU
		{9E74738B-AF26-45E1-B93C-B155CAE51EA5}.Release|Any CPU.ActiveCfg = Release|Any CPU
		{9E74738B-AF26-45E1-B93C-B155CAE51EA5}.Release|Any CPU.Build.0 = Release|Any CPU
		{0C70FCA7-0794-46D7-A022-8B0F8315351F}.Debug|Any CPU.ActiveCfg = Debug|Any CPU
		{0C70FCA7-0794-46D7-A022-8B0F8315351F}.Debug|Any CPU.Build.0 = Debug|Any CPU
		{0C70FCA7-0794-46D7-A022-8B0F8315351F}.Release|Any CPU.ActiveCfg = Release|Any CPU
		{0C70FCA7-0794-46D7-A022-8B0F8315351F}.Release|Any CPU.Build.0 = Release|Any CPU
	EndGlobalSection
	GlobalSection(SolutionProperties) = preSolution
		HideSolutionNode = FALSE
	EndGlobalSection
EndGlobal
